
Microsoft Visual Studio Solution File, Format Version 11.00
# Visual Studio 2010
Project("{FAE04EC0-301F-11D3-BF4B-00C04F79EFBC}") = "CristalHeladozzz", "CristalHeladozzz\CristalHeladozzz.csproj", "{435D7B08-F1E1-4850-A772-13CEE30768A9}"
EndProject
Global
	GlobalSection(SolutionConfigurationPlatforms) = preSolution
		Debug|x86 = Debug|x86
		Release|x86 = Release|x86
	EndGlobalSection
	GlobalSection(ProjectConfigurationPlatforms) = postSolution
		{435D7B08-F1E1-4850-A772-13CEE30768A9}.Debug|x86.ActiveCfg = Debug|x86
		{435D7B08-F1E1-4850-A772-13CEE30768A9}.Debug|x86.Build.0 = Debug|x86
		{435D7B08-F1E1-4850-A772-13CEE30768A9}.Release|x86.ActiveCfg = Release|x86
		{435D7B08-F1E1-4850-A772-13CEE30768A9}.Release|x86.Build.0 = Release|x86
	EndGlobalSection
	GlobalSection(SolutionProperties) = preSolution
		HideSolutionNode = FALSE
	EndGlobalSection
EndGlobal
